<?xml version="1.0" encoding="utf-8"?>
<Project ToolsVersion="4.0" xmlns="http://schemas.microsoft.com/developer/msbuild/2003">
  <ItemGroup>
    <Filter Include="Source Files">
      <UniqueIdentifier>{4FC737F1-C7A5-4376-A066-2A32D752A2FF}</UniqueIdentifier>
      <Extensions>cpp;c;cc;cxx;def;odl;idl;hpj;bat;asm;asmx</Extensions>
    </Filter>
    <Filter Include="Header Files">
      <UniqueIdentifier>{93995380-89BD-4b04-88EB-625FBE52EBFB}</UniqueIdentifier>
      <Extensions>h;hh;hpp;hxx;hm;inl;inc;xsd</Extensions>
    </Filter>
    <Filter Include="Resource Files">
      <UniqueIdentifier>{67DA6AB6-F800-4c08-8B7A-83BB121AAD01}</UniqueIdentifier>
      <Extensions>rc;ico;cur;bmp;dlg;rc2;rct;bin;rgs;gif;jpg;jpeg;jpe;resx;tiff;tif;png;wav;mfcribbon-ms</Extensions>
    </Filter>
  </ItemGroup>
  <ItemGroup>
    <ClInclude Include="include\cppconn\build_config.h">
      <Filter>Header Files</Filter>
    </ClInclude>
    <ClInclude Include="include\cppconn\config.h">
      <Filter>Header Files</Filter>
    </ClInclude>
    <ClInclude Include="include\cppconn\connection.h">
      <Filter>Header Files</Filter>
    </ClInclude>
    <ClInclude Include="include\cppconn\datatype.h">
      <Filter>Header Files</Filter>
    </ClInclude>
    <ClInclude Include="include\cppconn\driver.h">
      <Filter>Header Files</Filter>
    </ClInclude>
    <ClInclude Include="include\cppconn\exception.h">
      <Filter>Header Files</Filter>
    </ClInclude>
    <ClInclude Include="include\cppconn\metadata.h">
      <Filter>Header Files</Filter>
    </ClInclude>
    <ClInclude Include="include\cppconn\parameter_metadata.h">
      <Filter>Header Files</Filter>
    </ClInclude>
    <ClInclude Include="include\cppconn\prepared_statement.h">
      <Filter>Header Files</Filter>
    </ClInclude>
    <ClInclude Include="include\cppconn\resultset.h">
      <Filter>Header Files</Filter>
    </ClInclude>
    <ClInclude Include="include\cppconn\resultset_metadata.h">
      <Filter>Header Files</Filter>
    </ClInclude>
    <ClInclude Include="include\cppconn\sqlstring.h">
      <Filter>Header Files</Filter>
    </ClInclude>
    <ClInclude Include="include\cppconn\statement.h">
      <Filter>Header Files</Filter>
    </ClInclude>
    <ClInclude Include="include\cppconn\variant.h">
      <Filter>Header Files</Filter>
    </ClInclude>
    <ClInclude Include="include\cppconn\version_info.h">
      <Filter>Header Files</Filter>
    </ClInclude>
    <ClInclude Include="include\cppconn\warning.h">
      <Filter>Header Files</Filter>
    </ClInclude>
    <ClInclude Include="include\mysql_connection.h">
      <Filter>Header Files</Filter>
    </ClInclude>
    <ClInclude Include="include\mysql_driver.h">
      <Filter>Header Files</Filter>
    </ClInclude>
    <ClInclude Include="include\mysql_error.h">
      <Filter>Header Files</Filter>
    </ClInclude>
    <ClInclude Include="stdafx.h">
      <Filter>Header Files</Filter>
    </ClInclude>
    <ClInclude Include="Gegevens.h">
      <Filter>Header Files</Filter>
    </ClInclude>
    <ClInclude Include="MENU.h">
      <Filter>Header Files</Filter>
    </ClInclude>
    <ClInclude Include="AdresDAO.h">
      <Filter>Header Files</Filter>
    </ClInclude>
    <ClInclude Include="DatabaseSingleton.h">
      <Filter>Header Files</Filter>
    </ClInclude>
    <ClInclude Include="ExtrasDAO.h">
      <Filter>Header Files</Filter>
    </ClInclude>
    <ClInclude Include="HobbiesDAO.h">
      <Filter>Header Files</Filter>
    </ClInclude>
    <ClInclude Include="InterestsDAO.h">
      <Filter>Header Files</Filter>
    </ClInclude>
    <ClInclude Include="MessagesDAO.h">
      <Filter>Header Files</Filter>
    </ClInclude>
    <ClInclude Include="ProfilesDAO.h">
      <Filter>Header Files</Filter>
    </ClInclude>
    <ClInclude Include="UsersDAO.h">
      <Filter>Header Files</Filter>
    </ClInclude>
    <ClInclude Include="WishlistDAO.h">
      <Filter>Header Files</Filter>
    </ClInclude>
    <ClInclude Include="Adres.h">
      <Filter>Header Files</Filter>
    </ClInclude>
    <ClInclude Include="Extras.h">
      <Filter>Header Files</Filter>
    </ClInclude>
    <ClInclude Include="Hobbies.h">
      <Filter>Header Files</Filter>
    </ClInclude>
    <ClInclude Include="Interests.h">
      <Filter>Header Files</Filter>
    </ClInclude>
    <ClInclude Include="Messages.h">
      <Filter>Header Files</Filter>
    </ClInclude>
    <ClInclude Include="Profiles.h">
      <Filter>Header Files</Filter>
    </ClInclude>
    <ClInclude Include="SHA512.h">
      <Filter>Header Files</Filter>
    </ClInclude>
    <ClInclude Include="Users.h">
      <Filter>Header Files</Filter>
    </ClInclude>
    <ClInclude Include="Wishlist.h">
      <Filter>Header Files</Filter>
    </ClInclude>
    <ClInclude Include="LOGIN.h">
      <Filter>Header Files</Filter>
    </ClInclude>
    <ClInclude Include="INBOX.h">
      <Filter>Header Files</Filter>
    </ClInclude>
  </ItemGroup>
  <ItemGroup>
    <None Include="lib\libmysql.dll" />
    <None Include="lib\mysqlcppconn.dll" />
    <None Include="Debug\vc140.idb" />
    <None Include="Debug\vc140.pdb" />
    <None Include="Debug\Project1.tlog\CL.command.1.tlog" />
    <None Include="Debug\Project1.tlog\CL.read.1.tlog" />
    <None Include="Debug\Project1.tlog\CL.write.1.tlog" />
    <None Include="Debug\Project1.tlog\Project1.lastbuildstate" />
    <None Include="Debug\Project1.tlog\unsuccessfulbuild" />
  </ItemGroup>
  <ItemGroup>
    <Library Include="lib\libmysql.lib" />
    <Library Include="lib\mysqlcppconn.lib" />
  </ItemGroup>
  <ItemGroup>
    <ClCompile Include="stdafx.cpp">
      <Filter>Source Files</Filter>
    </ClCompile>
    <ClCompile Include="MENU.cpp">
      <Filter>Source Files</Filter>
    </ClCompile>
    <ClCompile Include="Source.cpp">
      <Filter>Source Files</Filter>
    </ClCompile>
    <ClCompile Include="AdresDAO.cpp">
      <Filter>Source Files</Filter>
    </ClCompile>
    <ClCompile Include="DatabaseSingleton.cpp">
      <Filter>Source Files</Filter>
    </ClCompile>
    <ClCompile Include="ExtrasDAO.cpp">
      <Filter>Source Files</Filter>
    </ClCompile>
    <ClCompile Include="HobbiesDAO.cpp">
      <Filter>Source Files</Filter>
    </ClCompile>
    <ClCompile Include="InterestsDAO.cpp">
      <Filter>Source Files</Filter>
    </ClCompile>
    <ClCompile Include="MessagesDAO.cpp">
      <Filter>Source Files</Filter>
    </ClCompile>
    <ClCompile Include="ProfilesDAO.cpp">
      <Filter>Source Files</Filter>
    </ClCompile>
    <ClCompile Include="UsersDAO.cpp">
      <Filter>Source Files</Filter>
    </ClCompile>
    <ClCompile Include="WishlistDAO.cpp">
      <Filter>Source Files</Filter>
    </ClCompile>
    <ClCompile Include="Adres.cpp">
      <Filter>Source Files</Filter>
    </ClCompile>
    <ClCompile Include="Extras.cpp">
      <Filter>Source Files</Filter>
    </ClCompile>
    <ClCompile Include="Hobbies.cpp">
      <Filter>Source Files</Filter>
    </ClCompile>
    <ClCompile Include="Interests.cpp">
      <Filter>Source Files</Filter>
    </ClCompile>
    <ClCompile Include="Messages.cpp">
      <Filter>Source Files</Filter>
    </ClCompile>
    <ClCompile Include="Profiles.cpp">
      <Filter>Source Files</Filter>
    </ClCompile>
    <ClCompile Include="SHA512.cpp">
      <Filter>Source Files</Filter>
    </ClCompile>
    <ClCompile Include="Users.cpp">
      <Filter>Source Files</Filter>
    </ClCompile>
    <ClCompile Include="Wishlist.cpp">
      <Filter>Source Files</Filter>
    </ClCompile>
    <ClCompile Include="LOGIN.cpp">
      <Filter>Source Files</Filter>
    </ClCompile>
    <ClCompile Include="INBOX.cpp">
      <Filter>Source Files</Filter>
    </ClCompile>
  </ItemGroup>
  <ItemGroup>
    <Object Include="Debug\AdresDAO.obj" />
    <Object Include="Debug\DatabaseSingleton.obj" />
    <Object Include="Debug\Source.obj" />
    <Object Include="Debug\stdafx.obj" />
    <Object Include="Debug\Adres.obj" />
    <Object Include="Debug\ExtrasDAO.obj" />
    <Object Include="Debug\HobbiesDAO.obj" />
    <Object Include="Debug\InterestsDAO.obj" />
    <Object Include="Debug\Messages.obj" />
    <Object Include="Debug\Profiles.obj" />
    <Object Include="Debug\ProfilesDAO.obj" />
    <Object Include="Debug\UsersDAO.obj" />
    <Object Include="Debug\MessagesDAO.obj" />
  </ItemGroup>
  <ItemGroup>
    <Text Include="Debug\Project1.log" />
  </ItemGroup>
</Project>